
Microsoft Visual Studio Solution File, Format Version 12.00
# Visual Studio Version 16
VisualStudioVersion = 16.0.29215.179
MinimumVisualStudioVersion = 10.0.40219.1
Project("{FAE04EC0-301F-11D3-BF4B-00C04F79EFBC}") = "TicTacToeExample", "TicTacToeExample\TicTacToeExample.csproj", "{36AFB741-F1A3-46CB-97C1-C2F4AFC74B1A}"
EndProject
Project("{FAE04EC0-301F-11D3-BF4B-00C04F79EFBC}") = "TicTacToeExample.Tests", "TicTacToeExample.Tests\TicTacToeExample.Tests.csproj", "{DE3F7EB0-4C65-4983-82D4-444D7D5D135E}"
EndProject
Global
	GlobalSection(SolutionConfigurationPlatforms) = preSolution
		Debug|Any CPU = Debug|Any CPU
		Release|Any CPU = Release|Any CPU
	EndGlobalSection
	GlobalSection(ProjectConfigurationPlatforms) = postSolution
		{36AFB741-F1A3-46CB-97C1-C2F4AFC74B1A}.Debug|Any CPU.ActiveCfg = Debug|Any CPU
		{36AFB741-F1A3-46CB-97C1-C2F4AFC74B1A}.Debug|Any CPU.Build.0 = Debug|Any CPU
		{36AFB741-F1A3-46CB-97C1-C2F4AFC74B1A}.Release|Any CPU.ActiveCfg = Release|Any CPU
		{36AFB741-F1A3-46CB-97C1-C2F4AFC74B1A}.Release|Any CPU.Build.0 = Release|Any CPU
		{DE3F7EB0-4C65-4983-82D4-444D7D5D135E}.Debug|Any CPU.ActiveCfg = Debug|Any CPU
		{DE3F7EB0-4C65-4983-82D4-444D7D5D135E}.Debug|Any CPU.Build.0 = Debug|Any CPU
		{DE3F7EB0-4C65-4983-82D4-444D7D5D135E}.Release|Any CPU.ActiveCfg = Release|Any CPU
		{DE3F7EB0-4C65-4983-82D4-444D7D5D135E}.Release|Any CPU.Build.0 = Release|Any CPU
	EndGlobalSection
	GlobalSection(SolutionProperties) = preSolution
		HideSolutionNode = FALSE
	EndGlobalSection
	GlobalSection(ExtensibilityGlobals) = postSolution
		SolutionGuid = {CC7624F3-44D3-4DE3-9F13-69D593C29C7F}
	EndGlobalSection
EndGlobal
